// !$*UTF8*$!
{
	archiveVersion = 1;
	classes = {
	};
	objectVersion = 46;
	objects = {

/* Begin PBXBuildFile section */
		6A7854981F4C8EAF007F75F8 /* main.m in Sources */ = {isa = PBXBuildFile; fileRef = 6A7854971F4C8EAF007F75F8 /* main.m */; };
		6A78549B1F4C8EAF007F75F8 /* AppDelegate.m in Sources */ = {isa = PBXBuildFile; fileRef = 6A78549A1F4C8EAF007F75F8 /* AppDelegate.m */; };
		6A78549E1F4C8EAF007F75F8 /* ViewController.m in Sources */ = {isa = PBXBuildFile; fileRef = 6A78549D1F4C8EAF007F75F8 /* ViewController.m */; };
		6A7854A11F4C8EAF007F75F8 /* Main.storyboard in Resources */ = {isa = PBXBuildFile; fileRef = 6A78549F1F4C8EAF007F75F8 /* Main.storyboard */; };
		6A7854A31F4C8EAF007F75F8 /* Assets.xcassets in Resources */ = {isa = PBXBuildFile; fileRef = 6A7854A21F4C8EAF007F75F8 /* Assets.xcassets */; };
		6A7854A61F4C8EAF007F75F8 /* LaunchScreen.storyboard in Resources */ = {isa = PBXBuildFile; fileRef = 6A7854A41F4C8EAF007F75F8 /* LaunchScreen.storyboard */; };
		6A7854B11F4C8EAF007F75F8 /* lesson_5Tests.m in Sources */ = {isa = PBXBuildFile; fileRef = 6A7854B01F4C8EAF007F75F8 /* lesson_5Tests.m */; };
		6A7854BC1F4C8EAF007F75F8 /* lesson_5UITests.m in Sources */ = {isa = PBXBuildFile; fileRef = 6A7854BB1F4C8EAF007F75F8 /* lesson_5UITests.m */; };
/* End PBXBuildFile section */

/* Begin PBXContainerItemProxy section */
		6A7854AD1F4C8EAF007F75F8 /* PBXContainerItemProxy */ = {
			isa = PBXContainerItemProxy;
			containerPortal = 6A78548B1F4C8EAF007F75F8 /* Project object */;
			proxyType = 1;
			remoteGlobalIDString = 6A7854921F4C8EAF007F75F8;
			remoteInfo = lesson_5;
		};
		6A7854B81F4C8EAF007F75F8 /* PBXContainerItemProxy */ = {
			isa = PBXContainerItemProxy;
			containerPortal = 6A78548B1F4C8EAF007F75F8 /* Project object */;
			proxyType = 1;
			remoteGlobalIDString = 6A7854921F4C8EAF007F75F8;
			remoteInfo = lesson_5;
		};
/* End PBXContainerItemProxy section */

/* Begin PBXFileReference section */
		6A7854931F4C8EAF007F75F8 /* lesson_5.app */ = {isa = PBXFileReference; explicitFileType = wrapper.application; includeInIndex = 0; path = lesson_5.app; sourceTree = BUILT_PRODUCTS_DIR; };
		6A7854971F4C8EAF007F75F8 /* main.m */ = {isa = PBXFileReference; lastKnownFileType = sourcecode.c.objc; path = main.m; sourceTree = "<group>"; };
		6A7854991F4C8EAF007F75F8 /* AppDelegate.h */ = {isa = PBXFileReference; lastKnownFileType = sourcecode.c.h; path = AppDelegate.h; sourceTree = "<group>"; };
		6A78549A1F4C8EAF007F75F8 /* AppDelegate.m */ = {isa = PBXFileReference; lastKnownFileType = sourcecode.c.objc; path = AppDelegate.m; sourceTree = "<group>"; };
		6A78549C1F4C8EAF007F75F8 /* ViewController.h */ = {isa = PBXFileReference; lastKnownFileType = sourcecode.c.h; path = ViewController.h; sourceTree = "<group>"; };
		6A78549D1F4C8EAF007F75F8 /* ViewController.m */ = {isa = PBXFileReference; lastKnownFileType = sourcecode.c.objc; path = ViewController.m; sourceTree = "<group>"; };
		6A7854A01F4C8EAF007F75F8 /* Base */ = {isa = PBXFileReference; lastKnownFileType = file.storyboard; name = Base; path = Base.lproj/Main.storyboard; sourceTree = "<group>"; };
		6A7854A21F4C8EAF007F75F8 /* Assets.xcassets */ = {isa = PBXFileReference; lastKnownFileType = folder.assetcatalog; path = Assets.xcassets; sourceTree = "<group>"; };
		6A7854A51F4C8EAF007F75F8 /* Base */ = {isa = PBXFileReference; lastKnownFileType = file.storyboard; name = Base; path = Base.lproj/LaunchScreen.storyboard; sourceTree = "<group>"; };
		6A7854A71F4C8EAF007F75F8 /* Info.plist */ = {isa = PBXFileReference; lastKnownFileType = text.plist.xml; path = Info.plist; sourceTree = "<group>"; };
		6A7854AC1F4C8EAF007F75F8 /* lesson_5Tests.xctest */ = {isa = PBXFileReference; explicitFileType = wrapper.cfbundle; includeInIndex = 0; path = lesson_5Tests.xctest; sourceTree = BUILT_PRODUCTS_DIR; };
		6A7854B01F4C8EAF007F75F8 /* lesson_5Tests.m */ = {isa = PBXFileReference; lastKnownFileType = sourcecode.c.objc; path = lesson_5Tests.m; sourceTree = "<group>"; };
		6A7854B21F4C8EAF007F75F8 /* Info.plist */ = {isa = PBXFileReference; lastKnownFileType = text.plist.xml; path = Info.plist; sourceTree = "<group>"; };
		6A7854B71F4C8EAF007F75F8 /* lesson_5UITests.xctest */ = {isa = PBXFileReference; explicitFileType = wrapper.cfbundle; includeInIndex = 0; path = lesson_5UITests.xctest; sourceTree = BUILT_PRODUCTS_DIR; };
		6A7854BB1F4C8EAF007F75F8 /* lesson_5UITests.m */ = {isa = PBXFileReference; lastKnownFileType = sourcecode.c.objc; path = lesson_5UITests.m; sourceTree = "<group>"; };
		6A7854BD1F4C8EAF007F75F8 /* Info.plist */ = {isa = PBXFileReference; lastKnownFileType = text.plist.xml; path = Info.plist; sourceTree = "<group>"; };
/* End PBXFileReference section */

/* Begin PBXFrameworksBuildPhase section */
		6A7854901F4C8EAF007F75F8 /* Frameworks */ = {
			isa = PBXFrameworksBuildPhase;
			buildActionMask = 2147483647;
			files = (
			);
			runOnlyForDeploymentPostprocessing = 0;
		};
		6A7854A91F4C8EAF007F75F8 /* Frameworks */ = {
			isa = PBXFrameworksBuildPhase;
			buildActionMask = 2147483647;
			files = (
			);
			runOnlyForDeploymentPostprocessing = 0;
		};
		6A7854B41F4C8EAF007F75F8 /* Frameworks */ = {
			isa = PBXFrameworksBuildPhase;
			buildActionMask = 2147483647;
			files = (
			);
			runOnlyForDeploymentPostprocessing = 0;
		};
/* End PBXFrameworksBuildPhase section */

/* Begin PBXGroup section */
		6A78548A1F4C8EAF007F75F8 = {
			isa = PBXGroup;
			children = (
				6A7854951F4C8EAF007F75F8 /* lesson_5 */,
				6A7854AF1F4C8EAF007F75F8 /* lesson_5Tests */,
				6A7854BA1F4C8EAF007F75F8 /* lesson_5UITests */,
				6A7854941F4C8EAF007F75F8 /* Products */,
			);
			sourceTree = "<group>";
		};
		6A7854941F4C8EAF007F75F8 /* Products */ = {
			isa = PBXGroup;
			children = (
				6A7854931F4C8EAF007F75F8 /* lesson_5.app */,
				6A7854AC1F4C8EAF007F75F8 /* lesson_5Tests.xctest */,
				6A7854B71F4C8EAF007F75F8 /* lesson_5UITests.xctest */,
			);
			name = Products;
			sourceTree = "<group>";
		};
		6A7854951F4C8EAF007F75F8 /* lesson_5 */ = {
			isa = PBXGroup;
			children = (
				6A7854991F4C8EAF007F75F8 /* AppDelegate.h */,
				6A78549A1F4C8EAF007F75F8 /* AppDelegate.m */,
				6A78549C1F4C8EAF007F75F8 /* ViewController.h */,
				6A78549D1F4C8EAF007F75F8 /* ViewController.m */,
				6A78549F1F4C8EAF007F75F8 /* Main.storyboard */,
				6A7854A21F4C8EAF007F75F8 /* Assets.xcassets */,
				6A7854A41F4C8EAF007F75F8 /* LaunchScreen.storyboard */,
				6A7854A71F4C8EAF007F75F8 /* Info.plist */,
				6A7854961F4C8EAF007F75F8 /* Supporting Files */,
			);
			path = lesson_5;
			sourceTree = "<group>";
		};
		6A7854961F4C8EAF007F75F8 /* Supporting Files */ = {
			isa = PBXGroup;
			children = (
				6A7854971F4C8EAF007F75F8 /* main.m */,
			);
			name = "Supporting Files";
			sourceTree = "<group>";
		};
		6A7854AF1F4C8EAF007F75F8 /* lesson_5Tests */ = {
			isa = PBXGroup;
			children = (
				6A7854B01F4C8EAF007F75F8 /* lesson_5Tests.m */,
				6A7854B21F4C8EAF007F75F8 /* Info.plist */,
			);
			path = lesson_5Tests;
			sourceTree = "<group>";
		};
		6A7854BA1F4C8EAF007F75F8 /* lesson_5UITests */ = {
			isa = PBXGroup;
			children = (
				6A7854BB1F4C8EAF007F75F8 /* lesson_5UITests.m */,
				6A7854BD1F4C8EAF007F75F8 /* Info.plist */,
			);
			path = lesson_5UITests;
			sourceTree = "<group>";
		};
/* End PBXGroup section */

/* Begin PBXNativeTarget section */
		6A7854921F4C8EAF007F75F8 /* lesson_5 */ = {
			isa = PBXNativeTarget;
			buildConfigurationList = 6A7854C01F4C8EAF007F75F8 /* Build configuration list for PBXNativeTarget "lesson_5" */;
			buildPhases = (
				6A78548F1F4C8EAF007F75F8 /* Sources */,
				6A7854901F4C8EAF007F75F8 /* Frameworks */,
				6A7854911F4C8EAF007F75F8 /* Resources */,
			);
			buildRules = (
			);
			dependencies = (
			);
			name = lesson_5;
			productName = lesson_5;
			productReference = 6A7854931F4C8EAF007F75F8 /* lesson_5.app */;
			productType = "com.apple.product-type.application";
		};
		6A7854AB1F4C8EAF007F75F8 /* lesson_5Tests */ = {
			isa = PBXNativeTarget;
			buildConfigurationList = 6A7854C31F4C8EAF007F75F8 /* Build configuration list for PBXNativeTarget "lesson_5Tests" */;
			buildPhases = (
				6A7854A81F4C8EAF007F75F8 /* Sources */,
				6A7854A91F4C8EAF007F75F8 /* Frameworks */,
				6A7854AA1F4C8EAF007F75F8 /* Resources */,
			);
			buildRules = (
			);
			dependencies = (
				6A7854AE1F4C8EAF007F75F8 /* PBXTargetDependency */,
			);
			name = lesson_5Tests;
			productName = lesson_5Tests;
			productReference = 6A7854AC1F4C8EAF007F75F8 /* lesson_5Tests.xctest */;
			productType = "com.apple.product-type.bundle.unit-test";
		};
		6A7854B61F4C8EAF007F75F8 /* lesson_5UITests */ = {
			isa = PBXNativeTarget;
			buildConfigurationList = 6A7854C61F4C8EAF007F75F8 /* Build configuration list for PBXNativeTarget "lesson_5UITests" */;
			buildPhases = (
				6A7854B31F4C8EAF007F75F8 /* Sources */,
				6A7854B41F4C8EAF007F75F8 /* Frameworks */,
				6A7854B51F4C8EAF007F75F8 /* Resources */,
			);
			buildRules = (
			);
			dependencies = (
				6A7854B91F4C8EAF007F75F8 /* PBXTargetDependency */,
			);
			name = lesson_5UITests;
			productName = lesson_5UITests;
			productReference = 6A7854B71F4C8EAF007F75F8 /* lesson_5UITests.xctest */;
			productType = "com.apple.product-type.bundle.ui-testing";
		};
/* End PBXNativeTarget section */

/* Begin PBXProject section */
		6A78548B1F4C8EAF007F75F8 /* Project object */ = {
			isa = PBXProject;
			attributes = {
				LastUpgradeCheck = 0830;
				ORGANIZATIONNAME = lesson_1;
				TargetAttributes = {
					6A7854921F4C8EAF007F75F8 = {
						CreatedOnToolsVersion = 8.3.3;
						ProvisioningStyle = Automatic;
					};
					6A7854AB1F4C8EAF007F75F8 = {
						CreatedOnToolsVersion = 8.3.3;
						ProvisioningStyle = Automatic;
						TestTargetID = 6A7854921F4C8EAF007F75F8;
					};
					6A7854B61F4C8EAF007F75F8 = {
						CreatedOnToolsVersion = 8.3.3;
						ProvisioningStyle = Automatic;
						TestTargetID = 6A7854921F4C8EAF007F75F8;
					};
				};
			};
			buildConfigurationList = 6A78548E1F4C8EAF007F75F8 /* Build configuration list for PBXProject "lesson_5" */;
			compatibilityVersion = "Xcode 3.2";
			developmentRegion = English;
			hasScannedForEncodings = 0;
			knownRegions = (
				en,
				Base,
			);
			mainGroup = 6A78548A1F4C8EAF007F75F8;
			productRefGroup = 6A7854941F4C8EAF007F75F8 /* Products */;
			projectDirPath = "";
			projectRoot = "";
			targets = (
				6A7854921F4C8EAF007F75F8 /* lesson_5 */,
				6A7854AB1F4C8EAF007F75F8 /* lesson_5Tests */,
				6A7854B61F4C8EAF007F75F8 /* lesson_5UITests */,
			);
		};
/* End PBXProject section */

/* Begin PBXResourcesBuildPhase section */
		6A7854911F4C8EAF007F75F8 /* Resources */ = {
			isa = PBXResourcesBuildPhase;
			buildActionMask = 2147483647;
			files = (
				6A7854A61F4C8EAF007F75F8 /* LaunchScreen.storyboard in Resources */,
				6A7854A31F4C8EAF007F75F8 /* Assets.xcassets in Resources */,
				6A7854A11F4C8EAF007F75F8 /* Main.storyboard in Resources */,
			);
			runOnlyForDeploymentPostprocessing = 0;
		};
		6A7854AA1F4C8EAF007F75F8 /* Resources */ = {
			isa = PBXResourcesBuildPhase;
			buildActionMask = 2147483647;
			files = (
			);
			runOnlyForDeploymentPostprocessing = 0;
		};
		6A7854B51F4C8EAF007F75F8 /* Resources */ = {
			isa = PBXResourcesBuildPhase;
			buildActionMask = 2147483647;
			files = (
			);
			runOnlyForDeploymentPostprocessing = 0;
		};
/* End PBXResourcesBuildPhase section */

/* Begin PBXSourcesBuildPhase section */
		6A78548F1F4C8EAF007F75F8 /* Sources */ = {
			isa = PBXSourcesBuildPhase;
			buildActionMask = 2147483647;
			files = (
				6A78549E1F4C8EAF007F75F8 /* ViewController.m in Sources */,
				6A78549B1F4C8EAF007F75F8 /* AppDelegate.m in Sources */,
				6A7854981F4C8EAF007F75F8 /* main.m in Sources */,
			);
			runOnlyForDeploymentPostprocessing = 0;
		};
		6A7854A81F4C8EAF007F75F8 /* Sources */ = {
			isa = PBXSourcesBuildPhase;
			buildActionMask = 2147483647;
			files = (
				6A7854B11F4C8EAF007F75F8 /* lesson_5Tests.m in Sources */,
			);
			runOnlyForDeploymentPostprocessing = 0;
		};
		6A7854B31F4C8EAF007F75F8 /* Sources */ = {
			isa = PBXSourcesBuildPhase;
			buildActionMask = 2147483647;
			files = (
				6A7854BC1F4C8EAF007F75F8 /* lesson_5UITests.m in Sources */,
			);
			runOnlyForDeploymentPostprocessing = 0;
		};
/* End PBXSourcesBuildPhase section */

/* Begin PBXTargetDependency section */
		6A7854AE1F4C8EAF007F75F8 /* PBXTargetDependency */ = {
			isa = PBXTargetDependency;
			target = 6A7854921F4C8EAF007F75F8 /* lesson_5 */;
			targetProxy = 6A7854AD1F4C8EAF007F75F8 /* PBXContainerItemProxy */;
		};
		6A7854B91F4C8EAF007F75F8 /* PBXTargetDependency */ = {
			isa = PBXTargetDependency;
			target = 6A7854921F4C8EAF007F75F8 /* lesson_5 */;
			targetProxy = 6A7854B81F4C8EAF007F75F8 /* PBXContainerItemProxy */;
		};
/* End PBXTargetDependency section */

/* Begin PBXVariantGroup section */
		6A78549F1F4C8EAF007F75F8 /* Main.storyboard */ = {
			isa = PBXVariantGroup;
			children = (
				6A7854A01F4C8EAF007F75F8 /* Base */,
			);
			name = Main.storyboard;
			sourceTree = "<group>";
		};
		6A7854A41F4C8EAF007F75F8 /* LaunchScreen.storyboard */ = {
			isa = PBXVariantGroup;
			children = (
				6A7854A51F4C8EAF007F75F8 /* Base */,
			);
			name = LaunchScreen.storyboard;
			sourceTree = "<group>";
		};
/* End PBXVariantGroup section */

/* Begin XCBuildConfiguration section */
		6A7854BE1F4C8EAF007F75F8 /* Debug */ = {
			isa = XCBuildConfiguration;
			buildSettings = {
				ALWAYS_SEARCH_USER_PATHS = NO;
				CLANG_ANALYZER_NONNULL = YES;
				CLANG_ANALYZER_NUMBER_OBJECT_CONVERSION = YES_AGGRESSIVE;
				CLANG_CXX_LANGUAGE_STANDARD = "gnu++0x";
				CLANG_CXX_LIBRARY = "libc++";
				CLANG_ENABLE_MODULES = YES;
				CLANG_ENABLE_OBJC_ARC = YES;
				CLANG_WARN_BOOL_CONVERSION = YES;
				CLANG_WARN_CONSTANT_CONVERSION = YES;
				CLANG_WARN_DIRECT_OBJC_ISA_USAGE = YES_ERROR;
				CLANG_WARN_DOCUMENTATION_COMMENTS = YES;
				CLANG_WARN_EMPTY_BODY = YES;
				CLANG_WARN_ENUM_CONVERSION = YES;
				CLANG_WARN_INFINITE_RECURSION = YES;
				CLANG_WARN_INT_CONVERSION = YES;
				CLANG_WARN_OBJC_ROOT_CLASS = YES_ERROR;
				CLANG_WARN_SUSPICIOUS_MOVE = YES;
				CLANG_WARN_UNREACHABLE_CODE = YES;
				CLANG_WARN__DUPLICATE_METHOD_MATCH = YES;
				"CODE_SIGN_IDENTITY[sdk=iphoneos*]" = "iPhone Developer";
				COPY_PHASE_STRIP = NO;
				DEBUG_INFORMATION_FORMAT = dwarf;
				ENABLE_STRICT_OBJC_MSGSEND = YES;
				ENABLE_TESTABILITY = YES;
				GCC_C_LANGUAGE_STANDARD = gnu99;
				GCC_DYNAMIC_NO_PIC = NO;
				GCC_NO_COMMON_BLOCKS = YES;
				GCC_OPTIMIZATION_LEVEL = 0;
				GCC_PREPROCESSOR_DEFINITIONS = (
					"DEBUG=1",
					"$(inherited)",
				);
				GCC_WARN_64_TO_32_BIT_CONVERSION = YES;
				GCC_WARN_ABOUT_RETURN_TYPE = YES_ERROR;
				GCC_WARN_UNDECLARED_SELECTOR = YES;
				GCC_WARN_UNINITIALIZED_AUTOS = YES_AGGRESSIVE;
				GCC_WARN_UNUSED_FUNCTION = YES;
				GCC_WARN_UNUSED_VARIABLE = YES;
				IPHONEOS_DEPLOYMENT_TARGET = 10.3;
				MTL_ENABLE_DEBUG_INFO = YES;
				ONLY_ACTIVE_ARCH = YES;
				SDKROOT = iphoneos;
				TARGETED_DEVICE_FAMILY = "1,2";
			};
			name = Debug;
		};
		6A7854BF1F4C8EAF007F75F8 /* Release */ = {
			isa = XCBuildConfiguration;
			buildSettings = {
				ALWAYS_SEARCH_USER_PATHS = NO;
				CLANG_ANALYZER_NONNULL = YES;
				CLANG_ANALYZER_NUMBER_OBJECT_CONVERSION = YES_AGGRESSIVE;
				CLANG_CXX_LANGUAGE_STANDARD = "gnu++0x";
				CLANG_CXX_LIBRARY = "libc++";
				CLANG_ENABLE_MODULES = YES;
				CLANG_ENABLE_OBJC_ARC = YES;
				CLANG_WARN_BOOL_CONVERSION = YES;
				CLANG_WARN_CONSTANT_CONVERSION = YES;
				CLANG_WARN_DIRECT_OBJC_ISA_USAGE = YES_ERROR;
				CLANG_WARN_DOCUMENTATION_COMMENTS = YES;
				CLANG_WARN_EMPTY_BODY = YES;
				CLANG_WARN_ENUM_CONVERSION = YES;
				CLANG_WARN_INFINITE_RECURSION = YES;
				CLANG_WARN_INT_CONVERSION = YES;
				CLANG_WARN_OBJC_ROOT_CLASS = YES_ERROR;
				CLANG_WARN_SUSPICIOUS_MOVE = YES;
				CLANG_WARN_UNREACHABLE_CODE = YES;
				CLANG_WARN__DUPLICATE_METHOD_MATCH = YES;
				"CODE_SIGN_IDENTITY[sdk=iphoneos*]" = "iPhone Developer";
				COPY_PHASE_STRIP = NO;
				DEBUG_INFORMATION_FORMAT = "dwarf-with-dsym";
				ENABLE_NS_ASSERTIONS = NO;
				ENABLE_STRICT_OBJC_MSGSEND = YES;
				GCC_C_LANGUAGE_STANDARD = gnu99;
				GCC_NO_COMMON_BLOCKS = YES;
				GCC_WARN_64_TO_32_BIT_CONVERSION = YES;
				GCC_WARN_ABOUT_RETURN_TYPE = YES_ERROR;
				GCC_WARN_UNDECLARED_SELECTOR = YES;
				GCC_WARN_UNINITIALIZED_AUTOS = YES_AGGRESSIVE;
				GCC_WARN_UNUSED_FUNCTION = YES;
				GCC_WARN_UNUSED_VARIABLE = YES;
				IPHONEOS_DEPLOYMENT_TARGET = 10.3;
				MTL_ENABLE_DEBUG_INFO = NO;
				SDKROOT = iphoneos;
				TARGETED_DEVICE_FAMILY = "1,2";
				VALIDATE_PRODUCT = YES;
			};
			name = Release;
		};
		6A7854C11F4C8EAF007F75F8 /* Debug */ = {
			isa = XCBuildConfiguration;
			buildSettings = {
				ASSETCATALOG_COMPILER_APPICON_NAME = AppIcon;
				INFOPLIST_FILE = lesson_5/Info.plist;
				LD_RUNPATH_SEARCH_PATHS = "$(inherited) @executable_path/Frameworks";
				PRODUCT_BUNDLE_IDENTIFIER = "x.lesson-5";
				PRODUCT_NAME = "$(TARGET_NAME)";
			};
			name = Debug;
		};
		6A7854C21F4C8EAF007F75F8 /* Release */ = {
			isa = XCBuildConfiguration;
			buildSettings = {
				ASSETCATALOG_COMPILER_APPICON_NAME = AppIcon;
				INFOPLIST_FILE = lesson_5/Info.plist;
				LD_RUNPATH_SEARCH_PATHS = "$(inherited) @executable_path/Frameworks";
				PRODUCT_BUNDLE_IDENTIFIER = "x.lesson-5";
				PRODUCT_NAME = "$(TARGET_NAME)";
			};
			name = Release;
		};
		6A7854C41F4C8EAF007F75F8 /* Debug */ = {
			isa = XCBuildConfiguration;
			buildSettings = {
				BUNDLE_LOADER = "$(TEST_HOST)";
				INFOPLIST_FILE = lesson_5Tests/Info.plist;
				LD_RUNPATH_SEARCH_PATHS = "$(inherited) @executable_path/Frameworks @loader_path/Frameworks";
				PRODUCT_BUNDLE_IDENTIFIER = "x.lesson-5Tests";
				PRODUCT_NAME = "$(TARGET_NAME)";
				TEST_HOST = "$(BUILT_PRODUCTS_DIR)/lesson_5.app/lesson_5";
			};
			name = Debug;
		};
		6A7854C51F4C8EAF007F75F8 /* Release */ = {
			isa = XCBuildConfiguration;
			buildSettings = {
				BUNDLE_LOADER = "$(TEST_HOST)";
				INFOPLIST_FILE = lesson_5Tests/Info.plist;
				LD_RUNPATH_SEARCH_PATHS = "$(inherited) @executable_path/Frameworks @loader_path/Frameworks";
				PRODUCT_BUNDLE_IDENTIFIER = "x.lesson-5Tests";
				PRODUCT_NAME = "$(TARGET_NAME)";
				TEST_HOST = "$(BUILT_PRODUCTS_DIR)/lesson_5.app/lesson_5";
			};
			name = Release;
		};
		6A7854C71F4C8EAF007F75F8 /* Debug */ = {
			isa = XCBuildConfiguration;
			buildSettings = {
				INFOPLIST_FILE = lesson_5UITests/Info.plist;
				LD_RUNPATH_SEARCH_PATHS = "$(inherited) @executable_path/Frameworks @loader_path/Frameworks";
				PRODUCT_BUNDLE_IDENTIFIER = "x.lesson-5UITests";
				PRODUCT_NAME = "$(TARGET_NAME)";
				TEST_TARGET_NAME = lesson_5;
			};
			name = Debug;
		};
		6A7854C81F4C8EAF007F75F8 /* Release */ = {
			isa = XCBuildConfiguration;
			buildSettings = {
				INFOPLIST_FILE = lesson_5UITests/Info.plist;
				LD_RUNPATH_SEARCH_PATHS = "$(inherited) @executable_path/Frameworks @loader_path/Frameworks";
				PRODUCT_BUNDLE_IDENTIFIER = "x.lesson-5UITests";
				PRODUCT_NAME = "$(TARGET_NAME)";
				TEST_TARGET_NAME = lesson_5;
			};
			name = Release;
		};
/* End XCBuildConfiguration section */

/* Begin XCConfigurationList section */
		6A78548E1F4C8EAF007F75F8 /* Build configuration list for PBXProject "lesson_5" */ = {
			isa = XCConfigurationList;
			buildConfigurations = (
				6A7854BE1F4C8EAF007F75F8 /* Debug */,
				6A7854BF1F4C8EAF007F75F8 /* Release */,
			);
			defaultConfigurationIsVisible = 0;
			defaultConfigurationName = Release;
		};
		6A7854C01F4C8EAF007F75F8 /* Build configuration list for PBXNativeTarget "lesson_5" */ = {
			isa = XCConfigurationList;
			buildConfigurations = (
				6A7854C11F4C8EAF007F75F8 /* Debug */,
				6A7854C21F4C8EAF007F75F8 /* Release */,
			);
			defaultConfigurationIsVisible = 0;
		};
		6A7854C31F4C8EAF007F75F8 /* Build configuration list for PBXNativeTarget "lesson_5Tests" */ = {
			isa = XCConfigurationList;
			buildConfigurations = (
				6A7854C41F4C8EAF007F75F8 /* Debug */,
				6A7854C51F4C8EAF007F75F8 /* Release */,
			);
			defaultConfigurationIsVisible = 0;
		};
		6A7854C61F4C8EAF007F75F8 /* Build configuration list for PBXNativeTarget "lesson_5UITests" */ = {
			isa = XCConfigurationList;
			buildConfigurations = (
				6A7854C71F4C8EAF007F75F8 /* Debug */,
				6A7854C81F4C8EAF007F75F8 /* Release */,
			);
			defaultConfigurationIsVisible = 0;
		};
/* End XCConfigurationList section */
	};
	rootObject = 6A78548B1F4C8EAF007F75F8 /* Project object */;
}
